apiVersion: vendir.k14s.io/v1alpha1
directories:
- contents:
  - git:
      commitTitle: 'Merge pull request #1120 from mattpocock/release/v1.3...'
      sha: d81f3a183412e71a5b1e84ca21bc1a35eea03a60
      tags:
      - v1.2.3-75-gd81f3a1
    path: mattpocock
  - git:
      commitTitle: 'Update claude-api skill: Managed Agents `auto` permission policy
        and `ant beta:sessions connect` (#1750)...'
      sha: 34040c9c568585f6929bedeaad110ad08f079624
    path: anthropic
  path: vendor
kind: LockConfig
