apiVersion: vendir.k14s.io/v1alpha1
directories:
- contents:
  - git:
      commitTitle: 'Merge pull request #911 from mattpocock/fix/907-yaml-frontmatter-colons...'
      sha: 885e2ca4d842d139e9aef4e48d366c63cb1b8013
      tags:
      - v1.2.3-31-g885e2ca
    path: mattpocock
  - git:
      commitTitle: 'Update claude-api skill: Managed Agents `auto` permission policy
        and `ant beta:sessions connect` (#1750)...'
      sha: 34040c9c568585f6929bedeaad110ad08f079624
    path: anthropic
  path: vendor
kind: LockConfig
